
Microsoft Visual Studio Solution File, Format Version 12.00
# Visual Studio Version 17
VisualStudioVersion = 17.7.34031.279
MinimumVisualStudioVersion = 10.0.40219.1
Project("{FAE04EC0-301F-11D3-BF4B-00C04F79EFBC}") = "DBS FORM", "DBS FORM\DBS FORM.csproj", "{ACBF8206-72EA-4513-94BA-6570DAB05C7A}"
EndProject
Global
	GlobalSection(SolutionConfigurationPlatforms) = preSolution
		Debug|Any CPU = Debug|Any CPU
		Release|Any CPU = Release|Any CPU
	EndGlobalSection
	GlobalSection(ProjectConfigurationPlatforms) = postSolution
		{ACBF8206-72EA-4513-94BA-6570DAB05C7A}.Debug|Any CPU.ActiveCfg = Debug|Any CPU
		{ACBF8206-72EA-4513-94BA-6570DAB05C7A}.Debug|Any CPU.Build.0 = Debug|Any CPU
		{ACBF8206-72EA-4513-94BA-6570DAB05C7A}.Release|Any CPU.ActiveCfg = Release|Any CPU
		{ACBF8206-72EA-4513-94BA-6570DAB05C7A}.Release|Any CPU.Build.0 = Release|Any CPU
	EndGlobalSection
	GlobalSection(SolutionProperties) = preSolution
		HideSolutionNode = FALSE
	EndGlobalSection
	GlobalSection(ExtensibilityGlobals) = postSolution
		SolutionGuid = {E9D3D884-8D9C-4A46-824B-539B127B90B2}
	EndGlobalSection
EndGlobal
